// !$*UTF8*$!
{
	archiveVersion = 1;
	classes = {
	};
	objectVersion = 46;
	objects = {

/* Begin PBXBuildFile section */
		C4483ED21B27B091002B5458 /* AppDelegate.swift in Sources */ = {isa = PBXBuildFile; fileRef = C4483ED11B27B091002B5458 /* AppDelegate.swift */; };
		C4483ED41B27B091002B5458 /* ViewController.swift in Sources */ = {isa = PBXBuildFile; fileRef = C4483ED31B27B091002B5458 /* ViewController.swift */; };
		C4483ED71B27B091002B5458 /* Main.storyboard in Resources */ = {isa = PBXBuildFile; fileRef = C4483ED51B27B091002B5458 /* Main.storyboard */; };
		C4483ED91B27B091002B5458 /* Images.xcassets in Resources */ = {isa = PBXBuildFile; fileRef = C4483ED81B27B091002B5458 /* Images.xcassets */; };
		C4483EDC1B27B091002B5458 /* LaunchScreen.xib in Resources */ = {isa = PBXBuildFile; fileRef = C4483EDA1B27B091002B5458 /* LaunchScreen.xib */; };
		C4483EE81B27B091002B5458 /* yesJasTests.swift in Sources */ = {isa = PBXBuildFile; fileRef = C4483EE71B27B091002B5458 /* yesJasTests.swift */; };
/* End PBXBuildFile section */

/* Begin PBXContainerItemProxy section */
		C4483EE21B27B091002B5458 /* PBXContainerItemProxy */ = {
			isa = PBXContainerItemProxy;
			containerPortal = C4483EC41B27B090002B5458 /* Project object */;
			proxyType = 1;
			remoteGlobalIDString = C4483ECB1B27B090002B5458;
			remoteInfo = yesJas;
		};
/* End PBXContainerItemProxy section */

/* Begin PBXFileReference section */
		C4483ECC1B27B090002B5458 /* yesJas.app */ = {isa = PBXFileReference; explicitFileType = wrapper.application; includeInIndex = 0; path = yesJas.app; sourceTree = BUILT_PRODUCTS_DIR; };
		C4483ED01B27B090002B5458 /* Info.plist */ = {isa = PBXFileReference; lastKnownFileType = text.plist.xml; path = Info.plist; sourceTree = "<group>"; };
		C4483ED11B27B091002B5458 /* AppDelegate.swift */ = {isa = PBXFileReference; lastKnownFileType = sourcecode.swift; path = AppDelegate.swift; sourceTree = "<group>"; };
		C4483ED31B27B091002B5458 /* ViewController.swift */ = {isa = PBXFileReference; lastKnownFileType = sourcecode.swift; path = ViewController.swift; sourceTree = "<group>"; };
		C4483ED61B27B091002B5458 /* Base */ = {isa = PBXFileReference; lastKnownFileType = file.storyboard; name = Base; path = Base.lproj/Main.storyboard; sourceTree = "<group>"; };
		C4483ED81B27B091002B5458 /* Images.xcassets */ = {isa = PBXFileReference; lastKnownFileType = folder.assetcatalog; path = Images.xcassets; sourceTree = "<group>"; };
		C4483EDB1B27B091002B5458 /* Base */ = {isa = PBXFileReference; lastKnownFileType = file.xib; name = Base; path = Base.lproj/LaunchScreen.xib; sourceTree = "<group>"; };
		C4483EE11B27B091002B5458 /* yesJasTests.xctest */ = {isa = PBXFileReference; explicitFileType = wrapper.cfbundle; includeInIndex = 0; path = yesJasTests.xctest; sourceTree = BUILT_PRODUCTS_DIR; };
		C4483EE61B27B091002B5458 /* Info.plist */ = {isa = PBXFileReference; lastKnownFileType = text.plist.xml; path = Info.plist; sourceTree = "<group>"; };
		C4483EE71B27B091002B5458 /* yesJasTests.swift */ = {isa = PBXFileReference; lastKnownFileType = sourcecode.swift; path = yesJasTests.swift; sourceTree = "<group>"; };
/* End PBXFileReference section */

/* Begin PBXFrameworksBuildPhase section */
		C4483EC91B27B090002B5458 /* Frameworks */ = {
			isa = PBXFrameworksBuildPhase;
			buildActionMask = 2147483647;
			files = (
			);
			runOnlyForDeploymentPostprocessing = 0;
		};
		C4483EDE1B27B091002B5458 /* Frameworks */ = {
			isa = PBXFrameworksBuildPhase;
			buildActionMask = 2147483647;
			files = (
			);
			runOnlyForDeploymentPostprocessing = 0;
		};
/* End PBXFrameworksBuildPhase section */

/* Begin PBXGroup section */
		C4483EC31B27B090002B5458 = {
			isa = PBXGroup;
			children = (
				C4483ECE1B27B090002B5458 /* yesJas */,
				C4483EE41B27B091002B5458 /* yesJasTests */,
				C4483ECD1B27B090002B5458 /* Products */,
			);
			sourceTree = "<group>";
		};
		C4483ECD1B27B090002B5458 /* Products */ = {
			isa = PBXGroup;
			children = (
				C4483ECC1B27B090002B5458 /* yesJas.app */,
				C4483EE11B27B091002B5458 /* yesJasTests.xctest */,
			);
			name = Products;
			sourceTree = "<group>";
		};
		C4483ECE1B27B090002B5458 /* yesJas */ = {
			isa = PBXGroup;
			children = (
				C4483ED11B27B091002B5458 /* AppDelegate.swift */,
				C4483ED31B27B091002B5458 /* ViewController.swift */,
				C4483ED51B27B091002B5458 /* Main.storyboard */,
				C4483ED81B27B091002B5458 /* Images.xcassets */,
				C4483EDA1B27B091002B5458 /* LaunchScreen.xib */,
				C4483ECF1B27B090002B5458 /* Supporting Files */,
			);
			path = yesJas;
			sourceTree = "<group>";
		};
		C4483ECF1B27B090002B5458 /* Supporting Files */ = {
			isa = PBXGroup;
			children = (
				C4483ED01B27B090002B5458 /* Info.plist */,
			);
			name = "Supporting Files";
			sourceTree = "<group>";
		};
		C4483EE41B27B091002B5458 /* yesJasTests */ = {
			isa = PBXGroup;
			children = (
				C4483EE71B27B091002B5458 /* yesJasTests.swift */,
				C4483EE51B27B091002B5458 /* Supporting Files */,
			);
			path = yesJasTests;
			sourceTree = "<group>";
		};
		C4483EE51B27B091002B5458 /* Supporting Files */ = {
			isa = PBXGroup;
			children = (
				C4483EE61B27B091002B5458 /* Info.plist */,
			);
			name = "Supporting Files";
			sourceTree = "<group>";
		};
/* End PBXGroup section */

/* Begin PBXNativeTarget section */
		C4483ECB1B27B090002B5458 /* yesJas */ = {
			isa = PBXNativeTarget;
			buildConfigurationList = C4483EEB1B27B091002B5458 /* Build configuration list for PBXNativeTarget "yesJas" */;
			buildPhases = (
				C4483EC81B27B090002B5458 /* Sources */,
				C4483EC91B27B090002B5458 /* Frameworks */,
				C4483ECA1B27B090002B5458 /* Resources */,
			);
			buildRules = (
			);
			dependencies = (
			);
			name = yesJas;
			productName = yesJas;
			productReference = C4483ECC1B27B090002B5458 /* yesJas.app */;
			productType = "com.apple.product-type.application";
		};
		C4483EE01B27B091002B5458 /* yesJasTests */ = {
			isa = PBXNativeTarget;
			buildConfigurationList = C4483EEE1B27B091002B5458 /* Build configuration list for PBXNativeTarget "yesJasTests" */;
			buildPhases = (
				C4483EDD1B27B091002B5458 /* Sources */,
				C4483EDE1B27B091002B5458 /* Frameworks */,
				C4483EDF1B27B091002B5458 /* Resources */,
			);
			buildRules = (
			);
			dependencies = (
				C4483EE31B27B091002B5458 /* PBXTargetDependency */,
			);
			name = yesJasTests;
			productName = yesJasTests;
			productReference = C4483EE11B27B091002B5458 /* yesJasTests.xctest */;
			productType = "com.apple.product-type.bundle.unit-test";
		};
/* End PBXNativeTarget section */

/* Begin PBXProject section */
		C4483EC41B27B090002B5458 /* Project object */ = {
			isa = PBXProject;
			attributes = {
				LastUpgradeCheck = 0630;
				ORGANIZATIONNAME = JasmineADavis;
				TargetAttributes = {
					C4483ECB1B27B090002B5458 = {
						CreatedOnToolsVersion = 6.3.2;
					};
					C4483EE01B27B091002B5458 = {
						CreatedOnToolsVersion = 6.3.2;
						TestTargetID = C4483ECB1B27B090002B5458;
					};
				};
			};
			buildConfigurationList = C4483EC71B27B090002B5458 /* Build configuration list for PBXProject "yesJas" */;
			compatibilityVersion = "Xcode 3.2";
			developmentRegion = English;
			hasScannedForEncodings = 0;
			knownRegions = (
				en,
				Base,
			);
			mainGroup = C4483EC31B27B090002B5458;
			productRefGroup = C4483ECD1B27B090002B5458 /* Products */;
			projectDirPath = "";
			projectRoot = "";
			targets = (
				C4483ECB1B27B090002B5458 /* yesJas */,
				C4483EE01B27B091002B5458 /* yesJasTests */,
			);
		};
/* End PBXProject section */

/* Begin PBXResourcesBuildPhase section */
		C4483ECA1B27B090002B5458 /* Resources */ = {
			isa = PBXResourcesBuildPhase;
			buildActionMask = 2147483647;
			files = (
				C4483ED71B27B091002B5458 /* Main.storyboard in Resources */,
				C4483EDC1B27B091002B5458 /* LaunchScreen.xib in Resources */,
				C4483ED91B27B091002B5458 /* Images.xcassets in Resources */,
			);
			runOnlyForDeploymentPostprocessing = 0;
		};
		C4483EDF1B27B091002B5458 /* Resources */ = {
			isa = PBXResourcesBuildPhase;
			buildActionMask = 2147483647;
			files = (
			);
			runOnlyForDeploymentPostprocessing = 0;
		};
/* End PBXResourcesBuildPhase section */

/* Begin PBXSourcesBuildPhase section */
		C4483EC81B27B090002B5458 /* Sources */ = {
			isa = PBXSourcesBuildPhase;
			buildActionMask = 2147483647;
			files = (
				C4483ED41B27B091002B5458 /* ViewController.swift in Sources */,
				C4483ED21B27B091002B5458 /* AppDelegate.swift in Sources */,
			);
			runOnlyForDeploymentPostprocessing = 0;
		};
		C4483EDD1B27B091002B5458 /* Sources */ = {
			isa = PBXSourcesBuildPhase;
			buildActionMask = 2147483647;
			files = (
				C4483EE81B27B091002B5458 /* yesJasTests.swift in Sources */,
			);
			runOnlyForDeploymentPostprocessing = 0;
		};
/* End PBXSourcesBuildPhase section */

/* Begin PBXTargetDependency section */
		C4483EE31B27B091002B5458 /* PBXTargetDependency */ = {
			isa = PBXTargetDependency;
			target = C4483ECB1B27B090002B5458 /* yesJas */;
			targetProxy = C4483EE21B27B091002B5458 /* PBXContainerItemProxy */;
		};
/* End PBXTargetDependency section */

/* Begin PBXVariantGroup section */
		C4483ED51B27B091002B5458 /* Main.storyboard */ = {
			isa = PBXVariantGroup;
			children = (
				C4483ED61B27B091002B5458 /* Base */,
			);
			name = Main.storyboard;
			sourceTree = "<group>";
		};
		C4483EDA1B27B091002B5458 /* LaunchScreen.xib */ = {
			isa = PBXVariantGroup;
			children = (
				C4483EDB1B27B091002B5458 /* Base */,
			);
			name = LaunchScreen.xib;
			sourceTree = "<group>";
		};
/* End PBXVariantGroup section */

/* Begin XCBuildConfiguration section */
		C4483EE91B27B091002B5458 /* Debug */ = {
			isa = XCBuildConfiguration;
			buildSettings = {
				ALWAYS_SEARCH_USER_PATHS = NO;
				CLANG_CXX_LANGUAGE_STANDARD = "gnu++0x";
				CLANG_CXX_LIBRARY = "libc++";
				CLANG_ENABLE_MODULES = YES;
				CLANG_ENABLE_OBJC_ARC = YES;
				CLANG_WARN_BOOL_CONVERSION = YES;
				CLANG_WARN_CONSTANT_CONVERSION = YES;
				CLANG_WARN_DIRECT_OBJC_ISA_USAGE = YES_ERROR;
				CLANG_WARN_EMPTY_BODY = YES;
				CLANG_WARN_ENUM_CONVERSION = YES;
				CLANG_WARN_INT_CONVERSION = YES;
				CLANG_WARN_OBJC_ROOT_CLASS = YES_ERROR;
				CLANG_WARN_UNREACHABLE_CODE = YES;
				CLANG_WARN__DUPLICATE_METHOD_MATCH = YES;
				"CODE_SIGN_IDENTITY[sdk=iphoneos*]" = "iPhone Developer";
				COPY_PHASE_STRIP = NO;
				DEBUG_INFORMATION_FORMAT = "dwarf-with-dsym";
				ENABLE_STRICT_OBJC_MSGSEND = YES;
				GCC_C_LANGUAGE_STANDARD = gnu99;
				GCC_DYNAMIC_NO_PIC = NO;
				GCC_NO_COMMON_BLOCKS = YES;
				GCC_OPTIMIZATION_LEVEL = 0;
				GCC_PREPROCESSOR_DEFINITIONS = (
					"DEBUG=1",
					"$(inherited)",
				);
				GCC_SYMBOLS_PRIVATE_EXTERN = NO;
				GCC_WARN_64_TO_32_BIT_CONVERSION = YES;
				GCC_WARN_ABOUT_RETURN_TYPE = YES_ERROR;
				GCC_WARN_UNDECLARED_SELECTOR = YES;
				GCC_WARN_UNINITIALIZED_AUTOS = YES_AGGRESSIVE;
				GCC_WARN_UNUSED_FUNCTION = YES;
				GCC_WARN_UNUSED_VARIABLE = YES;
				IPHONEOS_DEPLOYMENT_TARGET = 8.3;
				MTL_ENABLE_DEBUG_INFO = YES;
				ONLY_ACTIVE_ARCH = YES;
				SDKROOT = iphoneos;
				SWIFT_OPTIMIZATION_LEVEL = "-Onone";
				TARGETED_DEVICE_FAMILY = "1,2";
			};
			name = Debug;
		};
		C4483EEA1B27B091002B5458 /* Release */ = {
			isa = XCBuildConfiguration;
			buildSettings = {
				ALWAYS_SEARCH_USER_PATHS = NO;
				CLANG_CXX_LANGUAGE_STANDARD = "gnu++0x";
				CLANG_CXX_LIBRARY = "libc++";
				CLANG_ENABLE_MODULES = YES;
				CLANG_ENABLE_OBJC_ARC = YES;
				CLANG_WARN_BOOL_CONVERSION = YES;
				CLANG_WARN_CONSTANT_CONVERSION = YES;
				CLANG_WARN_DIRECT_OBJC_ISA_USAGE = YES_ERROR;
				CLANG_WARN_EMPTY_BODY = YES;
				CLANG_WARN_ENUM_CONVERSION = YES;
				CLANG_WARN_INT_CONVERSION = YES;
				CLANG_WARN_OBJC_ROOT_CLASS = YES_ERROR;
				CLANG_WARN_UNREACHABLE_CODE = YES;
				CLANG_WARN__DUPLICATE_METHOD_MATCH = YES;
				"CODE_SIGN_IDENTITY[sdk=iphoneos*]" = "iPhone Developer";
				COPY_PHASE_STRIP = NO;
				DEBUG_INFORMATION_FORMAT = "dwarf-with-dsym";
				ENABLE_NS_ASSERTIONS = NO;
				ENABLE_STRICT_OBJC_MSGSEND = YES;
				GCC_C_LANGUAGE_STANDARD = gnu99;
				GCC_NO_COMMON_BLOCKS = YES;
				GCC_WARN_64_TO_32_BIT_CONVERSION = YES;
				GCC_WARN_ABOUT_RETURN_TYPE = YES_ERROR;
				GCC_WARN_UNDECLARED_SELECTOR = YES;
				GCC_WARN_UNINITIALIZED_AUTOS = YES_AGGRESSIVE;
				GCC_WARN_UNUSED_FUNCTION = YES;
				GCC_WARN_UNUSED_VARIABLE = YES;
				IPHONEOS_DEPLOYMENT_TARGET = 8.3;
				MTL_ENABLE_DEBUG_INFO = NO;
				SDKROOT = iphoneos;
				TARGETED_DEVICE_FAMILY = "1,2";
				VALIDATE_PRODUCT = YES;
			};
			name = Release;
		};
		C4483EEC1B27B091002B5458 /* Debug */ = {
			isa = XCBuildConfiguration;
			buildSettings = {
				ASSETCATALOG_COMPILER_APPICON_NAME = AppIcon;
				INFOPLIST_FILE = yesJas/Info.plist;
				LD_RUNPATH_SEARCH_PATHS = "$(inherited) @executable_path/Frameworks";
				PRODUCT_NAME = "$(TARGET_NAME)";
			};
			name = Debug;
		};
		C4483EED1B27B091002B5458 /* Release */ = {
			isa = XCBuildConfiguration;
			buildSettings = {
				ASSETCATALOG_COMPILER_APPICON_NAME = AppIcon;
				INFOPLIST_FILE = yesJas/Info.plist;
				LD_RUNPATH_SEARCH_PATHS = "$(inherited) @executable_path/Frameworks";
				PRODUCT_NAME = "$(TARGET_NAME)";
			};
			name = Release;
		};
		C4483EEF1B27B091002B5458 /* Debug */ = {
			isa = XCBuildConfiguration;
			buildSettings = {
				BUNDLE_LOADER = "$(TEST_HOST)";
				FRAMEWORK_SEARCH_PATHS = (
					"$(SDKROOT)/Developer/Library/Frameworks",
					"$(inherited)",
				);
				GCC_PREPROCESSOR_DEFINITIONS = (
					"DEBUG=1",
					"$(inherited)",
				);
				INFOPLIST_FILE = yesJasTests/Info.plist;
				LD_RUNPATH_SEARCH_PATHS = "$(inherited) @executable_path/Frameworks @loader_path/Frameworks";
				PRODUCT_NAME = "$(TARGET_NAME)";
				TEST_HOST = "$(BUILT_PRODUCTS_DIR)/yesJas.app/yesJas";
			};
			name = Debug;
		};
		C4483EF01B27B091002B5458 /* Release */ = {
			isa = XCBuildConfiguration;
			buildSettings = {
				BUNDLE_LOADER = "$(TEST_HOST)";
				FRAMEWORK_SEARCH_PATHS = (
					"$(SDKROOT)/Developer/Library/Frameworks",
					"$(inherited)",
				);
				INFOPLIST_FILE = yesJasTests/Info.plist;
				LD_RUNPATH_SEARCH_PATHS = "$(inherited) @executable_path/Frameworks @loader_path/Frameworks";
				PRODUCT_NAME = "$(TARGET_NAME)";
				TEST_HOST = "$(BUILT_PRODUCTS_DIR)/yesJas.app/yesJas";
			};
			name = Release;
		};
/* End XCBuildConfiguration section */

/* Begin XCConfigurationList section */
		C4483EC71B27B090002B5458 /* Build configuration list for PBXProject "yesJas" */ = {
			isa = XCConfigurationList;
			buildConfigurations = (
				C4483EE91B27B091002B5458 /* Debug */,
				C4483EEA1B27B091002B5458 /* Release */,
			);
			defaultConfigurationIsVisible = 0;
			defaultConfigurationName = Release;
		};
		C4483EEB1B27B091002B5458 /* Build configuration list for PBXNativeTarget "yesJas" */ = {
			isa = XCConfigurationList;
			buildConfigurations = (
				C4483EEC1B27B091002B5458 /* Debug */,
				C4483EED1B27B091002B5458 /* Release */,
			);
			defaultConfigurationIsVisible = 0;
		};
		C4483EEE1B27B091002B5458 /* Build configuration list for PBXNativeTarget "yesJasTests" */ = {
			isa = XCConfigurationList;
			buildConfigurations = (
				C4483EEF1B27B091002B5458 /* Debug */,
				C4483EF01B27B091002B5458 /* Release */,
			);
			defaultConfigurationIsVisible = 0;
		};
/* End XCConfigurationList section */
	};
	rootObject = C4483EC41B27B090002B5458 /* Project object */;
}
